
Microsoft Visual Studio Solution File, Format Version 12.00
# Visual Studio Version 17
VisualStudioVersion = 17.0.31912.275
MinimumVisualStudioVersion = 10.0.40219.1
Project("{FAE04EC0-301F-11D3-BF4B-00C04F79EFBC}") = "Dotnet2", "Dotnet2.csproj", "{71B74A77-D5C8-43F1-A12C-AAF51FD97A70}"
EndProject
Global
	GlobalSection(SolutionConfigurationPlatforms) = preSolution
		Debug|Any CPU = Debug|Any CPU
		Release|Any CPU = Release|Any CPU
	EndGlobalSection
	GlobalSection(ProjectConfigurationPlatforms) = postSolution
		{71B74A77-D5C8-43F1-A12C-AAF51FD97A70}.Debug|Any CPU.ActiveCfg = Debug|Any CPU
		{71B74A77-D5C8-43F1-A12C-AAF51FD97A70}.Debug|Any CPU.Build.0 = Debug|Any CPU
		{71B74A77-D5C8-43F1-A12C-AAF51FD97A70}.Release|Any CPU.ActiveCfg = Release|Any CPU
		{71B74A77-D5C8-43F1-A12C-AAF51FD97A70}.Release|Any CPU.Build.0 = Release|Any CPU
	EndGlobalSection
	GlobalSection(SolutionProperties) = preSolution
		HideSolutionNode = FALSE
	EndGlobalSection
	GlobalSection(ExtensibilityGlobals) = postSolution
		SolutionGuid = {6C2591BA-3510-427E-8982-10BF1C6DE3A5}
	EndGlobalSection
EndGlobal
